
Microsoft Visual Studio Solution File, Format Version 12.00
# Visual Studio Version 16
VisualStudioVersion = 16.0.29306.81
MinimumVisualStudioVersion = 10.0.40219.1
Project("{FAE04EC0-301F-11D3-BF4B-00C04F79EFBC}") = "WFA190930AKNK", "WFA190930AKNK\WFA190930AKNK.csproj", "{DFA851ED-E62A-4388-B30D-0892AF9060D0}"
EndProject
Global
	GlobalSection(SolutionConfigurationPlatforms) = preSolution
		Debug|Any CPU = Debug|Any CPU
		Release|Any CPU = Release|Any CPU
	EndGlobalSection
	GlobalSection(ProjectConfigurationPlatforms) = postSolution
		{DFA851ED-E62A-4388-B30D-0892AF9060D0}.Debug|Any CPU.ActiveCfg = Debug|Any CPU
		{DFA851ED-E62A-4388-B30D-0892AF9060D0}.Debug|Any CPU.Build.0 = Debug|Any CPU
		{DFA851ED-E62A-4388-B30D-0892AF9060D0}.Release|Any CPU.ActiveCfg = Release|Any CPU
		{DFA851ED-E62A-4388-B30D-0892AF9060D0}.Release|Any CPU.Build.0 = Release|Any CPU
	EndGlobalSection
	GlobalSection(SolutionProperties) = preSolution
		HideSolutionNode = FALSE
	EndGlobalSection
	GlobalSection(ExtensibilityGlobals) = postSolution
		SolutionGuid = {961C15AF-3979-48AF-8C69-33864D862A51}
	EndGlobalSection
EndGlobal
